
Microsoft Visual Studio Solution File, Format Version 12.00
# Visual Studio Version 16
VisualStudioVersion = 16.0.31019.35
MinimumVisualStudioVersion = 10.0.40219.1
Project("{FAE04EC0-301F-11D3-BF4B-00C04F79EFBC}") = "Backend-API", "Backend-API.csproj", "{62F5ED17-64B4-42D9-8561-155D556F2103}"
EndProject
Global
	GlobalSection(SolutionConfigurationPlatforms) = preSolution
		Debug|Any CPU = Debug|Any CPU
		Release|Any CPU = Release|Any CPU
	EndGlobalSection
	GlobalSection(ProjectConfigurationPlatforms) = postSolution
		{62F5ED17-64B4-42D9-8561-155D556F2103}.Debug|Any CPU.ActiveCfg = Debug|Any CPU
		{62F5ED17-64B4-42D9-8561-155D556F2103}.Debug|Any CPU.Build.0 = Debug|Any CPU
		{62F5ED17-64B4-42D9-8561-155D556F2103}.Release|Any CPU.ActiveCfg = Release|Any CPU
		{62F5ED17-64B4-42D9-8561-155D556F2103}.Release|Any CPU.Build.0 = Release|Any CPU
	EndGlobalSection
	GlobalSection(SolutionProperties) = preSolution
		HideSolutionNode = FALSE
	EndGlobalSection
	GlobalSection(ExtensibilityGlobals) = postSolution
		SolutionGuid = {286CA558-4319-4735-94B2-89CF952D8E08}
	EndGlobalSection
EndGlobal
